
Microsoft Visual Studio Solution File, Format Version 12.00
# Visual Studio Version 17
VisualStudioVersion = 17.6.33712.159
MinimumVisualStudioVersion = 10.0.40219.1
Project("{FAE04EC0-301F-11D3-BF4B-00C04F79EFBC}") = "Molla", "Molla\Molla.csproj", "{B7DBE585-581C-4B25-AA73-821F0D818B67}"
EndProject
Global
	GlobalSection(SolutionConfigurationPlatforms) = preSolution
		Debug|Any CPU = Debug|Any CPU
		Release|Any CPU = Release|Any CPU
	EndGlobalSection
	GlobalSection(ProjectConfigurationPlatforms) = postSolution
		{B7DBE585-581C-4B25-AA73-821F0D818B67}.Debug|Any CPU.ActiveCfg = Debug|Any CPU
		{B7DBE585-581C-4B25-AA73-821F0D818B67}.Debug|Any CPU.Build.0 = Debug|Any CPU
		{B7DBE585-581C-4B25-AA73-821F0D818B67}.Release|Any CPU.ActiveCfg = Release|Any CPU
		{B7DBE585-581C-4B25-AA73-821F0D818B67}.Release|Any CPU.Build.0 = Release|Any CPU
	EndGlobalSection
	GlobalSection(SolutionProperties) = preSolution
		HideSolutionNode = FALSE
	EndGlobalSection
	GlobalSection(ExtensibilityGlobals) = postSolution
		SolutionGuid = {B2B0DB25-10C8-47DE-9380-6B29009AF9ED}
	EndGlobalSection
EndGlobal
